// !$*UTF8*$!
{
	archiveVersion = 1;
	classes = {
	};
	objectVersion = 56;
	objects = {

/* Begin PBXBuildFile section */
		0B82BE8127D7F36A31BD6620 /* Pods_Ibeerstore.framework in Frameworks */ = {isa = PBXBuildFile; fileRef = 067DEF58175D468FAD445768 /* Pods_Ibeerstore.framework */; };
		342640832AAE790100403A4F /* LoadingTableViewCell.swift in Sources */ = {isa = PBXBuildFile; fileRef = 342640812AAE790100403A4F /* LoadingTableViewCell.swift */; };
		342640842AAE790100403A4F /* LoadingTableViewCell.xib in Resources */ = {isa = PBXBuildFile; fileRef = 342640822AAE790100403A4F /* LoadingTableViewCell.xib */; };
		34544D902AAEC95700383368 /* AddBeerViewController.storyboard in Resources */ = {isa = PBXBuildFile; fileRef = 34544D8F2AAEC95700383368 /* AddBeerViewController.storyboard */; };
		34544D922AAED18E00383368 /* AddBeerViewController.swift in Sources */ = {isa = PBXBuildFile; fileRef = 34544D912AAED18E00383368 /* AddBeerViewController.swift */; };
		346371CA2AAE3F3900DD806A /* AppDelegate.swift in Sources */ = {isa = PBXBuildFile; fileRef = 346371C92AAE3F3900DD806A /* AppDelegate.swift */; };
		346371CC2AAE3F3900DD806A /* SceneDelegate.swift in Sources */ = {isa = PBXBuildFile; fileRef = 346371CB2AAE3F3900DD806A /* SceneDelegate.swift */; };
		346371CE2AAE3F3900DD806A /* ViewController.swift in Sources */ = {isa = PBXBuildFile; fileRef = 346371CD2AAE3F3900DD806A /* ViewController.swift */; };
		346371D12AAE3F3900DD806A /* Main.storyboard in Resources */ = {isa = PBXBuildFile; fileRef = 346371CF2AAE3F3900DD806A /* Main.storyboard */; };
		346371D32AAE3F3A00DD806A /* Assets.xcassets in Resources */ = {isa = PBXBuildFile; fileRef = 346371D22AAE3F3A00DD806A /* Assets.xcassets */; };
		346371D62AAE3F3A00DD806A /* LaunchScreen.storyboard in Resources */ = {isa = PBXBuildFile; fileRef = 346371D42AAE3F3A00DD806A /* LaunchScreen.storyboard */; };
		346371E42AAE404500DD806A /* BeerstoreHttpService.swift in Sources */ = {isa = PBXBuildFile; fileRef = 346371E32AAE404500DD806A /* BeerstoreHttpService.swift */; };
		346371E72AAE411A00DD806A /* BeerTableViewCell.swift in Sources */ = {isa = PBXBuildFile; fileRef = 346371E52AAE411A00DD806A /* BeerTableViewCell.swift */; };
		346371EB2AAE545700DD806A /* BeerTableViewCell.xib in Resources */ = {isa = PBXBuildFile; fileRef = 346371EA2AAE545600DD806A /* BeerTableViewCell.xib */; };
		34D576422AAE8FFD009D854F /* HttpService.swift in Sources */ = {isa = PBXBuildFile; fileRef = 34D576412AAE8FFD009D854F /* HttpService.swift */; };
		34D576452AAE9358009D854F /* BeerHttpModel.swift in Sources */ = {isa = PBXBuildFile; fileRef = 34D576442AAE9358009D854F /* BeerHttpModel.swift */; };
		34D576562AAEB442009D854F /* HeaderTableView.swift in Sources */ = {isa = PBXBuildFile; fileRef = 34D576542AAEB442009D854F /* HeaderTableView.swift */; };
		34D5765B2AAEBE8A009D854F /* HeaderTableView.xib in Resources */ = {isa = PBXBuildFile; fileRef = 34D5765A2AAEBE8A009D854F /* HeaderTableView.xib */; };
/* End PBXBuildFile section */

/* Begin PBXFileReference section */
		067DEF58175D468FAD445768 /* Pods_Ibeerstore.framework */ = {isa = PBXFileReference; explicitFileType = wrapper.framework; includeInIndex = 0; path = Pods_Ibeerstore.framework; sourceTree = BUILT_PRODUCTS_DIR; };
		342640812AAE790100403A4F /* LoadingTableViewCell.swift */ = {isa = PBXFileReference; lastKnownFileType = sourcecode.swift; path = LoadingTableViewCell.swift; sourceTree = "<group>"; };
		342640822AAE790100403A4F /* LoadingTableViewCell.xib */ = {isa = PBXFileReference; lastKnownFileType = file.xib; path = LoadingTableViewCell.xib; sourceTree = "<group>"; };
		34544D8F2AAEC95700383368 /* AddBeerViewController.storyboard */ = {isa = PBXFileReference; lastKnownFileType = file.storyboard; path = AddBeerViewController.storyboard; sourceTree = "<group>"; };
		34544D912AAED18E00383368 /* AddBeerViewController.swift */ = {isa = PBXFileReference; lastKnownFileType = sourcecode.swift; path = AddBeerViewController.swift; sourceTree = "<group>"; };
		346371C62AAE3F3900DD806A /* Ibeerstore.app */ = {isa = PBXFileReference; explicitFileType = wrapper.application; includeInIndex = 0; path = Ibeerstore.app; sourceTree = BUILT_PRODUCTS_DIR; };
		346371C92AAE3F3900DD806A /* AppDelegate.swift */ = {isa = PBXFileReference; lastKnownFileType = sourcecode.swift; path = AppDelegate.swift; sourceTree = "<group>"; };
		346371CB2AAE3F3900DD806A /* SceneDelegate.swift */ = {isa = PBXFileReference; lastKnownFileType = sourcecode.swift; path = SceneDelegate.swift; sourceTree = "<group>"; };
		346371CD2AAE3F3900DD806A /* ViewController.swift */ = {isa = PBXFileReference; lastKnownFileType = sourcecode.swift; path = ViewController.swift; sourceTree = "<group>"; };
		346371D02AAE3F3900DD806A /* Base */ = {isa = PBXFileReference; lastKnownFileType = file.storyboard; name = Base; path = Base.lproj/Main.storyboard; sourceTree = "<group>"; };
		346371D22AAE3F3A00DD806A /* Assets.xcassets */ = {isa = PBXFileReference; lastKnownFileType = folder.assetcatalog; path = Assets.xcassets; sourceTree = "<group>"; };
		346371D52AAE3F3A00DD806A /* Base */ = {isa = PBXFileReference; lastKnownFileType = file.storyboard; name = Base; path = Base.lproj/LaunchScreen.storyboard; sourceTree = "<group>"; };
		346371D72AAE3F3A00DD806A /* Info.plist */ = {isa = PBXFileReference; lastKnownFileType = text.plist.xml; path = Info.plist; sourceTree = "<group>"; };
		346371E32AAE404500DD806A /* BeerstoreHttpService.swift */ = {isa = PBXFileReference; lastKnownFileType = sourcecode.swift; path = BeerstoreHttpService.swift; sourceTree = "<group>"; };
		346371E52AAE411A00DD806A /* BeerTableViewCell.swift */ = {isa = PBXFileReference; lastKnownFileType = sourcecode.swift; path = BeerTableViewCell.swift; sourceTree = "<group>"; };
		346371EA2AAE545600DD806A /* BeerTableViewCell.xib */ = {isa = PBXFileReference; fileEncoding = 4; lastKnownFileType = file.xib; path = BeerTableViewCell.xib; sourceTree = "<group>"; };
		34D576412AAE8FFD009D854F /* HttpService.swift */ = {isa = PBXFileReference; lastKnownFileType = sourcecode.swift; path = HttpService.swift; sourceTree = "<group>"; };
		34D576442AAE9358009D854F /* BeerHttpModel.swift */ = {isa = PBXFileReference; lastKnownFileType = sourcecode.swift; path = BeerHttpModel.swift; sourceTree = "<group>"; };
		34D576542AAEB442009D854F /* HeaderTableView.swift */ = {isa = PBXFileReference; lastKnownFileType = sourcecode.swift; path = HeaderTableView.swift; sourceTree = "<group>"; };
		34D5765A2AAEBE8A009D854F /* HeaderTableView.xib */ = {isa = PBXFileReference; lastKnownFileType = file.xib; path = HeaderTableView.xib; sourceTree = "<group>"; };
		58D48E4B8BA02E0AEB3E1FC7 /* Pods-Ibeerstore.release.xcconfig */ = {isa = PBXFileReference; includeInIndex = 1; lastKnownFileType = text.xcconfig; name = "Pods-Ibeerstore.release.xcconfig"; path = "Target Support Files/Pods-Ibeerstore/Pods-Ibeerstore.release.xcconfig"; sourceTree = "<group>"; };
		A3576D33943FD00BE2BAF823 /* Pods-Ibeerstore.debug.xcconfig */ = {isa = PBXFileReference; includeInIndex = 1; lastKnownFileType = text.xcconfig; name = "Pods-Ibeerstore.debug.xcconfig"; path = "Target Support Files/Pods-Ibeerstore/Pods-Ibeerstore.debug.xcconfig"; sourceTree = "<group>"; };
/* End PBXFileReference section */

/* Begin PBXFrameworksBuildPhase section */
		346371C32AAE3F3900DD806A /* Frameworks */ = {
			isa = PBXFrameworksBuildPhase;
			buildActionMask = 2147483647;
			files = (
				0B82BE8127D7F36A31BD6620 /* Pods_Ibeerstore.framework in Frameworks */,
			);
			runOnlyForDeploymentPostprocessing = 0;
		};
/* End PBXFrameworksBuildPhase section */

/* Begin PBXGroup section */
		342640802AAE78CB00403A4F /* LoadingCell */ = {
			isa = PBXGroup;
			children = (
				342640812AAE790100403A4F /* LoadingTableViewCell.swift */,
				342640822AAE790100403A4F /* LoadingTableViewCell.xib */,
			);
			path = LoadingCell;
			sourceTree = "<group>";
		};
		34544D8E2AAEC92400383368 /* AddBeer */ = {
			isa = PBXGroup;
			children = (
				34544D8F2AAEC95700383368 /* AddBeerViewController.storyboard */,
				34544D912AAED18E00383368 /* AddBeerViewController.swift */,
			);
			path = AddBeer;
			sourceTree = "<group>";
		};
		346371BD2AAE3F3900DD806A = {
			isa = PBXGroup;
			children = (
				346371C82AAE3F3900DD806A /* Ibeerstore */,
				346371C72AAE3F3900DD806A /* Products */,
				50FF4D7F308EC822B2079515 /* Pods */,
				BAA91C87B4B901A967576DD4 /* Frameworks */,
			);
			sourceTree = "<group>";
		};
		346371C72AAE3F3900DD806A /* Products */ = {
			isa = PBXGroup;
			children = (
				346371C62AAE3F3900DD806A /* Ibeerstore.app */,
			);
			name = Products;
			sourceTree = "<group>";
		};
		346371C82AAE3F3900DD806A /* Ibeerstore */ = {
			isa = PBXGroup;
			children = (
				346371E12AAE400E00DD806A /* Services */,
				346371DD2AAE3F5400DD806A /* UI */,
				346371C92AAE3F3900DD806A /* AppDelegate.swift */,
				346371CB2AAE3F3900DD806A /* SceneDelegate.swift */,
				346371D22AAE3F3A00DD806A /* Assets.xcassets */,
				346371D42AAE3F3A00DD806A /* LaunchScreen.storyboard */,
				346371D72AAE3F3A00DD806A /* Info.plist */,
			);
			path = Ibeerstore;
			sourceTree = "<group>";
		};
		346371DD2AAE3F5400DD806A /* UI */ = {
			isa = PBXGroup;
			children = (
				346371E02AAE3FB000DD806A /* Components */,
				346371DE2AAE3F5E00DD806A /* Pages */,
			);
			path = UI;
			sourceTree = "<group>";
		};
		346371DE2AAE3F5E00DD806A /* Pages */ = {
			isa = PBXGroup;
			children = (
				34544D8E2AAEC92400383368 /* AddBeer */,
				346371DF2AAE3F6C00DD806A /* Home */,
			);
			path = Pages;
			sourceTree = "<group>";
		};
		346371DF2AAE3F6C00DD806A /* Home */ = {
			isa = PBXGroup;
			children = (
				346371CD2AAE3F3900DD806A /* ViewController.swift */,
				346371CF2AAE3F3900DD806A /* Main.storyboard */,
			);
			path = Home;
			sourceTree = "<group>";
		};
		346371E02AAE3FB000DD806A /* Components */ = {
			isa = PBXGroup;
			children = (
				34D576482AAEB219009D854F /* HeaderTableView */,
				342640802AAE78CB00403A4F /* LoadingCell */,
				346371E92AAE412400DD806A /* BeerTableViewCell */,
			);
			path = Components;
			sourceTree = "<group>";
		};
		346371E12AAE400E00DD806A /* Services */ = {
			isa = PBXGroup;
			children = (
				346371E22AAE401A00DD806A /* Http */,
			);
			path = Services;
			sourceTree = "<group>";
		};
		346371E22AAE401A00DD806A /* Http */ = {
			isa = PBXGroup;
			children = (
				34D576432AAE931B009D854F /* HttpModels */,
				346371E32AAE404500DD806A /* BeerstoreHttpService.swift */,
				34D576412AAE8FFD009D854F /* HttpService.swift */,
			);
			path = Http;
			sourceTree = "<group>";
		};
		346371E92AAE412400DD806A /* BeerTableViewCell */ = {
			isa = PBXGroup;
			children = (
				346371EA2AAE545600DD806A /* BeerTableViewCell.xib */,
				346371E52AAE411A00DD806A /* BeerTableViewCell.swift */,
			);
			path = BeerTableViewCell;
			sourceTree = "<group>";
		};
		34D576432AAE931B009D854F /* HttpModels */ = {
			isa = PBXGroup;
			children = (
				34D576442AAE9358009D854F /* BeerHttpModel.swift */,
			);
			path = HttpModels;
			sourceTree = "<group>";
		};
		34D576482AAEB219009D854F /* HeaderTableView */ = {
			isa = PBXGroup;
			children = (
				34D576542AAEB442009D854F /* HeaderTableView.swift */,
				34D5765A2AAEBE8A009D854F /* HeaderTableView.xib */,
			);
			path = HeaderTableView;
			sourceTree = "<group>";
		};
		50FF4D7F308EC822B2079515 /* Pods */ = {
			isa = PBXGroup;
			children = (
				A3576D33943FD00BE2BAF823 /* Pods-Ibeerstore.debug.xcconfig */,
				58D48E4B8BA02E0AEB3E1FC7 /* Pods-Ibeerstore.release.xcconfig */,
			);
			name = Pods;
			path = Pods;
			sourceTree = "<group>";
		};
		BAA91C87B4B901A967576DD4 /* Frameworks */ = {
			isa = PBXGroup;
			children = (
				067DEF58175D468FAD445768 /* Pods_Ibeerstore.framework */,
			);
			name = Frameworks;
			sourceTree = "<group>";
		};
/* End PBXGroup section */

/* Begin PBXNativeTarget section */
		346371C52AAE3F3900DD806A /* Ibeerstore */ = {
			isa = PBXNativeTarget;
			buildConfigurationList = 346371DA2AAE3F3A00DD806A /* Build configuration list for PBXNativeTarget "Ibeerstore" */;
			buildPhases = (
				6208B95C6C35C1A84CA3826C /* [CP] Check Pods Manifest.lock */,
				346371C22AAE3F3900DD806A /* Sources */,
				346371C32AAE3F3900DD806A /* Frameworks */,
				346371C42AAE3F3900DD806A /* Resources */,
				FDA5CFF0BFD3B356C778A2C9 /* [CP] Embed Pods Frameworks */,
			);
			buildRules = (
			);
			dependencies = (
			);
			name = Ibeerstore;
			productName = Ibeerstore;
			productReference = 346371C62AAE3F3900DD806A /* Ibeerstore.app */;
			productType = "com.apple.product-type.application";
		};
/* End PBXNativeTarget section */

/* Begin PBXProject section */
		346371BE2AAE3F3900DD806A /* Project object */ = {
			isa = PBXProject;
			attributes = {
				BuildIndependentTargetsInParallel = 1;
				LastSwiftUpdateCheck = 1430;
				LastUpgradeCheck = 1430;
				TargetAttributes = {
					346371C52AAE3F3900DD806A = {
						CreatedOnToolsVersion = 14.3.1;
					};
				};
			};
			buildConfigurationList = 346371C12AAE3F3900DD806A /* Build configuration list for PBXProject "Ibeerstore" */;
			compatibilityVersion = "Xcode 14.0";
			developmentRegion = en;
			hasScannedForEncodings = 0;
			knownRegions = (
				en,
				Base,
			);
			mainGroup = 346371BD2AAE3F3900DD806A;
			productRefGroup = 346371C72AAE3F3900DD806A /* Products */;
			projectDirPath = "";
			projectRoot = "";
			targets = (
				346371C52AAE3F3900DD806A /* Ibeerstore */,
			);
		};
/* End PBXProject section */

/* Begin PBXResourcesBuildPhase section */
		346371C42AAE3F3900DD806A /* Resources */ = {
			isa = PBXResourcesBuildPhase;
			buildActionMask = 2147483647;
			files = (
				346371D62AAE3F3A00DD806A /* LaunchScreen.storyboard in Resources */,
				34544D902AAEC95700383368 /* AddBeerViewController.storyboard in Resources */,
				346371D32AAE3F3A00DD806A /* Assets.xcassets in Resources */,
				346371D12AAE3F3900DD806A /* Main.storyboard in Resources */,
				342640842AAE790100403A4F /* LoadingTableViewCell.xib in Resources */,
				34D5765B2AAEBE8A009D854F /* HeaderTableView.xib in Resources */,
				346371EB2AAE545700DD806A /* BeerTableViewCell.xib in Resources */,
			);
			runOnlyForDeploymentPostprocessing = 0;
		};
/* End PBXResourcesBuildPhase section */

/* Begin PBXShellScriptBuildPhase section */
		6208B95C6C35C1A84CA3826C /* [CP] Check Pods Manifest.lock */ = {
			isa = PBXShellScriptBuildPhase;
			buildActionMask = 2147483647;
			files = (
			);
			inputFileListPaths = (
			);
			inputPaths = (
				"${PODS_PODFILE_DIR_PATH}/Podfile.lock",
				"${PODS_ROOT}/Manifest.lock",
			);
			name = "[CP] Check Pods Manifest.lock";
			outputFileListPaths = (
			);
			outputPaths = (
				"$(DERIVED_FILE_DIR)/Pods-Ibeerstore-checkManifestLockResult.txt",
			);
			runOnlyForDeploymentPostprocessing = 0;
			shellPath = /bin/sh;
			shellScript = "diff \"${PODS_PODFILE_DIR_PATH}/Podfile.lock\" \"${PODS_ROOT}/Manifest.lock\" > /dev/null\nif [ $? != 0 ] ; then\n    # print error to STDERR\n    echo \"error: The sandbox is not in sync with the Podfile.lock. Run 'pod install' or update your CocoaPods installation.\" >&2\n    exit 1\nfi\n# This output is used by Xcode 'outputs' to avoid re-running this script phase.\necho \"SUCCESS\" > \"${SCRIPT_OUTPUT_FILE_0}\"\n";
			showEnvVarsInLog = 0;
		};
		FDA5CFF0BFD3B356C778A2C9 /* [CP] Embed Pods Frameworks */ = {
			isa = PBXShellScriptBuildPhase;
			buildActionMask = 2147483647;
			files = (
			);
			inputFileListPaths = (
				"${PODS_ROOT}/Target Support Files/Pods-Ibeerstore/Pods-Ibeerstore-frameworks-${CONFIGURATION}-input-files.xcfilelist",
			);
			name = "[CP] Embed Pods Frameworks";
			outputFileListPaths = (
				"${PODS_ROOT}/Target Support Files/Pods-Ibeerstore/Pods-Ibeerstore-frameworks-${CONFIGURATION}-output-files.xcfilelist",
			);
			runOnlyForDeploymentPostprocessing = 0;
			shellPath = /bin/sh;
			shellScript = "\"${PODS_ROOT}/Target Support Files/Pods-Ibeerstore/Pods-Ibeerstore-frameworks.sh\"\n";
			showEnvVarsInLog = 0;
		};
/* End PBXShellScriptBuildPhase section */

/* Begin PBXSourcesBuildPhase section */
		346371C22AAE3F3900DD806A /* Sources */ = {
			isa = PBXSourcesBuildPhase;
			buildActionMask = 2147483647;
			files = (
				346371CE2AAE3F3900DD806A /* ViewController.swift in Sources */,
				342640832AAE790100403A4F /* LoadingTableViewCell.swift in Sources */,
				34544D922AAED18E00383368 /* AddBeerViewController.swift in Sources */,
				346371E42AAE404500DD806A /* BeerstoreHttpService.swift in Sources */,
				346371CA2AAE3F3900DD806A /* AppDelegate.swift in Sources */,
				34D576562AAEB442009D854F /* HeaderTableView.swift in Sources */,
				346371CC2AAE3F3900DD806A /* SceneDelegate.swift in Sources */,
				34D576452AAE9358009D854F /* BeerHttpModel.swift in Sources */,
				346371E72AAE411A00DD806A /* BeerTableViewCell.swift in Sources */,
				34D576422AAE8FFD009D854F /* HttpService.swift in Sources */,
			);
			runOnlyForDeploymentPostprocessing = 0;
		};
/* End PBXSourcesBuildPhase section */

/* Begin PBXVariantGroup section */
		346371CF2AAE3F3900DD806A /* Main.storyboard */ = {
			isa = PBXVariantGroup;
			children = (
				346371D02AAE3F3900DD806A /* Base */,
			);
			name = Main.storyboard;
			sourceTree = "<group>";
		};
		346371D42AAE3F3A00DD806A /* LaunchScreen.storyboard */ = {
			isa = PBXVariantGroup;
			children = (
				346371D52AAE3F3A00DD806A /* Base */,
			);
			name = LaunchScreen.storyboard;
			sourceTree = "<group>";
		};
/* End PBXVariantGroup section */

/* Begin XCBuildConfiguration section */
		346371D82AAE3F3A00DD806A /* Debug */ = {
			isa = XCBuildConfiguration;
			buildSettings = {
				ALWAYS_SEARCH_USER_PATHS = NO;
				CLANG_ANALYZER_NONNULL = YES;
				CLANG_ANALYZER_NUMBER_OBJECT_CONVERSION = YES_AGGRESSIVE;
				CLANG_CXX_LANGUAGE_STANDARD = "gnu++20";
				CLANG_ENABLE_MODULES = YES;
				CLANG_ENABLE_OBJC_ARC = YES;
				CLANG_ENABLE_OBJC_WEAK = YES;
				CLANG_WARN_BLOCK_CAPTURE_AUTORELEASING = YES;
				CLANG_WARN_BOOL_CONVERSION = YES;
				CLANG_WARN_COMMA = YES;
				CLANG_WARN_CONSTANT_CONVERSION = YES;
				CLANG_WARN_DEPRECATED_OBJC_IMPLEMENTATIONS = YES;
				CLANG_WARN_DIRECT_OBJC_ISA_USAGE = YES_ERROR;
				CLANG_WARN_DOCUMENTATION_COMMENTS = YES;
				CLANG_WARN_EMPTY_BODY = YES;
				CLANG_WARN_ENUM_CONVERSION = YES;
				CLANG_WARN_INFINITE_RECURSION = YES;
				CLANG_WARN_INT_CONVERSION = YES;
				CLANG_WARN_NON_LITERAL_NULL_CONVERSION = YES;
				CLANG_WARN_OBJC_IMPLICIT_RETAIN_SELF = YES;
				CLANG_WARN_OBJC_LITERAL_CONVERSION = YES;
				CLANG_WARN_OBJC_ROOT_CLASS = YES_ERROR;
				CLANG_WARN_QUOTED_INCLUDE_IN_FRAMEWORK_HEADER = YES;
				CLANG_WARN_RANGE_LOOP_ANALYSIS = YES;
				CLANG_WARN_STRICT_PROTOTYPES = YES;
				CLANG_WARN_SUSPICIOUS_MOVE = YES;
				CLANG_WARN_UNGUARDED_AVAILABILITY = YES_AGGRESSIVE;
				CLANG_WARN_UNREACHABLE_CODE = YES;
				CLANG_WARN__DUPLICATE_METHOD_MATCH = YES;
				COPY_PHASE_STRIP = NO;
				DEBUG_INFORMATION_FORMAT = dwarf;
				ENABLE_STRICT_OBJC_MSGSEND = YES;
				ENABLE_TESTABILITY = YES;
				GCC_C_LANGUAGE_STANDARD = gnu11;
				GCC_DYNAMIC_NO_PIC = NO;
				GCC_NO_COMMON_BLOCKS = YES;
				GCC_OPTIMIZATION_LEVEL = 0;
				GCC_PREPROCESSOR_DEFINITIONS = (
					"DEBUG=1",
					"$(inherited)",
				);
				GCC_WARN_64_TO_32_BIT_CONVERSION = YES;
				GCC_WARN_ABOUT_RETURN_TYPE = YES_ERROR;
				GCC_WARN_UNDECLARED_SELECTOR = YES;
				GCC_WARN_UNINITIALIZED_AUTOS = YES_AGGRESSIVE;
				GCC_WARN_UNUSED_FUNCTION = YES;
				GCC_WARN_UNUSED_VARIABLE = YES;
				IPHONEOS_DEPLOYMENT_TARGET = 16.4;
				MTL_ENABLE_DEBUG_INFO = INCLUDE_SOURCE;
				MTL_FAST_MATH = YES;
				ONLY_ACTIVE_ARCH = YES;
				SDKROOT = iphoneos;
				SWIFT_ACTIVE_COMPILATION_CONDITIONS = DEBUG;
				SWIFT_OPTIMIZATION_LEVEL = "-Onone";
			};
			name = Debug;
		};
		346371D92AAE3F3A00DD806A /* Release */ = {
			isa = XCBuildConfiguration;
			buildSettings = {
				ALWAYS_SEARCH_USER_PATHS = NO;
				CLANG_ANALYZER_NONNULL = YES;
				CLANG_ANALYZER_NUMBER_OBJECT_CONVERSION = YES_AGGRESSIVE;
				CLANG_CXX_LANGUAGE_STANDARD = "gnu++20";
				CLANG_ENABLE_MODULES = YES;
				CLANG_ENABLE_OBJC_ARC = YES;
				CLANG_ENABLE_OBJC_WEAK = YES;
				CLANG_WARN_BLOCK_CAPTURE_AUTORELEASING = YES;
				CLANG_WARN_BOOL_CONVERSION = YES;
				CLANG_WARN_COMMA = YES;
				CLANG_WARN_CONSTANT_CONVERSION = YES;
				CLANG_WARN_DEPRECATED_OBJC_IMPLEMENTATIONS = YES;
				CLANG_WARN_DIRECT_OBJC_ISA_USAGE = YES_ERROR;
				CLANG_WARN_DOCUMENTATION_COMMENTS = YES;
				CLANG_WARN_EMPTY_BODY = YES;
				CLANG_WARN_ENUM_CONVERSION = YES;
				CLANG_WARN_INFINITE_RECURSION = YES;
				CLANG_WARN_INT_CONVERSION = YES;
				CLANG_WARN_NON_LITERAL_NULL_CONVERSION = YES;
				CLANG_WARN_OBJC_IMPLICIT_RETAIN_SELF = YES;
				CLANG_WARN_OBJC_LITERAL_CONVERSION = YES;
				CLANG_WARN_OBJC_ROOT_CLASS = YES_ERROR;
				CLANG_WARN_QUOTED_INCLUDE_IN_FRAMEWORK_HEADER = YES;
				CLANG_WARN_RANGE_LOOP_ANALYSIS = YES;
				CLANG_WARN_STRICT_PROTOTYPES = YES;
				CLANG_WARN_SUSPICIOUS_MOVE = YES;
				CLANG_WARN_UNGUARDED_AVAILABILITY = YES_AGGRESSIVE;
				CLANG_WARN_UNREACHABLE_CODE = YES;
				CLANG_WARN__DUPLICATE_METHOD_MATCH = YES;
				COPY_PHASE_STRIP = NO;
				DEBUG_INFORMATION_FORMAT = "dwarf-with-dsym";
				ENABLE_NS_ASSERTIONS = NO;
				ENABLE_STRICT_OBJC_MSGSEND = YES;
				GCC_C_LANGUAGE_STANDARD = gnu11;
				GCC_NO_COMMON_BLOCKS = YES;
				GCC_WARN_64_TO_32_BIT_CONVERSION = YES;
				GCC_WARN_ABOUT_RETURN_TYPE = YES_ERROR;
				GCC_WARN_UNDECLARED_SELECTOR = YES;
				GCC_WARN_UNINITIALIZED_AUTOS = YES_AGGRESSIVE;
				GCC_WARN_UNUSED_FUNCTION = YES;
				GCC_WARN_UNUSED_VARIABLE = YES;
				IPHONEOS_DEPLOYMENT_TARGET = 16.4;
				MTL_ENABLE_DEBUG_INFO = NO;
				MTL_FAST_MATH = YES;
				SDKROOT = iphoneos;
				SWIFT_COMPILATION_MODE = wholemodule;
				SWIFT_OPTIMIZATION_LEVEL = "-O";
				VALIDATE_PRODUCT = YES;
			};
			name = Release;
		};
		346371DB2AAE3F3A00DD806A /* Debug */ = {
			isa = XCBuildConfiguration;
			baseConfigurationReference = A3576D33943FD00BE2BAF823 /* Pods-Ibeerstore.debug.xcconfig */;
			buildSettings = {
				ASSETCATALOG_COMPILER_APPICON_NAME = AppIcon;
				ASSETCATALOG_COMPILER_GLOBAL_ACCENT_COLOR_NAME = AccentColor;
				CODE_SIGN_STYLE = Automatic;
				CURRENT_PROJECT_VERSION = 1;
				GENERATE_INFOPLIST_FILE = YES;
				INFOPLIST_FILE = Ibeerstore/Info.plist;
				INFOPLIST_KEY_UIApplicationSupportsIndirectInputEvents = YES;
				INFOPLIST_KEY_UILaunchStoryboardName = LaunchScreen;
				INFOPLIST_KEY_UIMainStoryboardFile = Main;
				INFOPLIST_KEY_UISupportedInterfaceOrientations_iPad = "UIInterfaceOrientationPortrait UIInterfaceOrientationPortraitUpsideDown UIInterfaceOrientationLandscapeLeft UIInterfaceOrientationLandscapeRight";
				INFOPLIST_KEY_UISupportedInterfaceOrientations_iPhone = "UIInterfaceOrientationPortrait UIInterfaceOrientationLandscapeLeft UIInterfaceOrientationLandscapeRight";
				LD_RUNPATH_SEARCH_PATHS = (
					"$(inherited)",
					"@executable_path/Frameworks",
				);
				MARKETING_VERSION = 1.0;
				PRODUCT_BUNDLE_IDENTIFIER = ferreira.filipe.Ibeerstore;
				PRODUCT_NAME = "$(TARGET_NAME)";
				SWIFT_EMIT_LOC_STRINGS = YES;
				SWIFT_VERSION = 5.0;
				TARGETED_DEVICE_FAMILY = "1,2";
			};
			name = Debug;
		};
		346371DC2AAE3F3A00DD806A /* Release */ = {
			isa = XCBuildConfiguration;
			baseConfigurationReference = 58D48E4B8BA02E0AEB3E1FC7 /* Pods-Ibeerstore.release.xcconfig */;
			buildSettings = {
				ASSETCATALOG_COMPILER_APPICON_NAME = AppIcon;
				ASSETCATALOG_COMPILER_GLOBAL_ACCENT_COLOR_NAME = AccentColor;
				CODE_SIGN_STYLE = Automatic;
				CURRENT_PROJECT_VERSION = 1;
				GENERATE_INFOPLIST_FILE = YES;
				INFOPLIST_FILE = Ibeerstore/Info.plist;
				INFOPLIST_KEY_UIApplicationSupportsIndirectInputEvents = YES;
				INFOPLIST_KEY_UILaunchStoryboardName = LaunchScreen;
				INFOPLIST_KEY_UIMainStoryboardFile = Main;
				INFOPLIST_KEY_UISupportedInterfaceOrientations_iPad = "UIInterfaceOrientationPortrait UIInterfaceOrientationPortraitUpsideDown UIInterfaceOrientationLandscapeLeft UIInterfaceOrientationLandscapeRight";
				INFOPLIST_KEY_UISupportedInterfaceOrientations_iPhone = "UIInterfaceOrientationPortrait UIInterfaceOrientationLandscapeLeft UIInterfaceOrientationLandscapeRight";
				LD_RUNPATH_SEARCH_PATHS = (
					"$(inherited)",
					"@executable_path/Frameworks",
				);
				MARKETING_VERSION = 1.0;
				PRODUCT_BUNDLE_IDENTIFIER = ferreira.filipe.Ibeerstore;
				PRODUCT_NAME = "$(TARGET_NAME)";
				SWIFT_EMIT_LOC_STRINGS = YES;
				SWIFT_VERSION = 5.0;
				TARGETED_DEVICE_FAMILY = "1,2";
			};
			name = Release;
		};
/* End XCBuildConfiguration section */

/* Begin XCConfigurationList section */
		346371C12AAE3F3900DD806A /* Build configuration list for PBXProject "Ibeerstore" */ = {
			isa = XCConfigurationList;
			buildConfigurations = (
				346371D82AAE3F3A00DD806A /* Debug */,
				346371D92AAE3F3A00DD806A /* Release */,
			);
			defaultConfigurationIsVisible = 0;
			defaultConfigurationName = Release;
		};
		346371DA2AAE3F3A00DD806A /* Build configuration list for PBXNativeTarget "Ibeerstore" */ = {
			isa = XCConfigurationList;
			buildConfigurations = (
				346371DB2AAE3F3A00DD806A /* Debug */,
				346371DC2AAE3F3A00DD806A /* Release */,
			);
			defaultConfigurationIsVisible = 0;
			defaultConfigurationName = Release;
		};
/* End XCConfigurationList section */
	};
	rootObject = 346371BE2AAE3F3900DD806A /* Project object */;
}
